// !$*UTF8*$!
{
	archiveVersion = 1;
	classes = {
	};
	objectVersion = 50;
	objects = {

/* Begin PBXBuildFile section */
		855BDF1D251A2F0C001A1C41 /* AppDelegate.swift in Sources */ = {isa = PBXBuildFile; fileRef = 855BDF1C251A2F0C001A1C41 /* AppDelegate.swift */; };
		855BDF1F251A2F0C001A1C41 /* SceneDelegate.swift in Sources */ = {isa = PBXBuildFile; fileRef = 855BDF1E251A2F0C001A1C41 /* SceneDelegate.swift */; };
		855BDF21251A2F0C001A1C41 /* StartViewController.swift in Sources */ = {isa = PBXBuildFile; fileRef = 855BDF20251A2F0C001A1C41 /* StartViewController.swift */; };
		855BDF24251A2F0C001A1C41 /* Main.storyboard in Resources */ = {isa = PBXBuildFile; fileRef = 855BDF22251A2F0C001A1C41 /* Main.storyboard */; };
		855BDF26251A2F0D001A1C41 /* Assets.xcassets in Resources */ = {isa = PBXBuildFile; fileRef = 855BDF25251A2F0D001A1C41 /* Assets.xcassets */; };
		855BDF29251A2F0D001A1C41 /* LaunchScreen.storyboard in Resources */ = {isa = PBXBuildFile; fileRef = 855BDF27251A2F0D001A1C41 /* LaunchScreen.storyboard */; };
		855BDF33251A3901001A1C41 /* CharacterViewController.swift in Sources */ = {isa = PBXBuildFile; fileRef = 855BDF32251A3901001A1C41 /* CharacterViewController.swift */; };
		855BDF36251A39E6001A1C41 /* CharacterModel.swift in Sources */ = {isa = PBXBuildFile; fileRef = 855BDF35251A39E6001A1C41 /* CharacterModel.swift */; };
		855BDF39251A3C83001A1C41 /* NetworkManager.swift in Sources */ = {isa = PBXBuildFile; fileRef = 855BDF38251A3C83001A1C41 /* NetworkManager.swift */; };
		CE7FB8E93CB23FE8B500482B /* Pods_Simpsons.framework in Frameworks */ = {isa = PBXBuildFile; fileRef = 916C57EA9D5ED27DC1713134 /* Pods_Simpsons.framework */; };
/* End PBXBuildFile section */

/* Begin PBXFileReference section */
		16D3B528D0E3C8234F0511FA /* Pods-Simpsons.debug.xcconfig */ = {isa = PBXFileReference; includeInIndex = 1; lastKnownFileType = text.xcconfig; name = "Pods-Simpsons.debug.xcconfig"; path = "Target Support Files/Pods-Simpsons/Pods-Simpsons.debug.xcconfig"; sourceTree = "<group>"; };
		855BDF19251A2F0C001A1C41 /* Simpsons.app */ = {isa = PBXFileReference; explicitFileType = wrapper.application; includeInIndex = 0; path = Simpsons.app; sourceTree = BUILT_PRODUCTS_DIR; };
		855BDF1C251A2F0C001A1C41 /* AppDelegate.swift */ = {isa = PBXFileReference; lastKnownFileType = sourcecode.swift; path = AppDelegate.swift; sourceTree = "<group>"; };
		855BDF1E251A2F0C001A1C41 /* SceneDelegate.swift */ = {isa = PBXFileReference; lastKnownFileType = sourcecode.swift; path = SceneDelegate.swift; sourceTree = "<group>"; };
		855BDF20251A2F0C001A1C41 /* StartViewController.swift */ = {isa = PBXFileReference; lastKnownFileType = sourcecode.swift; path = StartViewController.swift; sourceTree = "<group>"; };
		855BDF23251A2F0C001A1C41 /* Base */ = {isa = PBXFileReference; lastKnownFileType = file.storyboard; name = Base; path = Base.lproj/Main.storyboard; sourceTree = "<group>"; };
		855BDF25251A2F0D001A1C41 /* Assets.xcassets */ = {isa = PBXFileReference; lastKnownFileType = folder.assetcatalog; path = Assets.xcassets; sourceTree = "<group>"; };
		855BDF28251A2F0D001A1C41 /* Base */ = {isa = PBXFileReference; lastKnownFileType = file.storyboard; name = Base; path = Base.lproj/LaunchScreen.storyboard; sourceTree = "<group>"; };
		855BDF2A251A2F0D001A1C41 /* Info.plist */ = {isa = PBXFileReference; lastKnownFileType = text.plist.xml; path = Info.plist; sourceTree = "<group>"; };
		855BDF32251A3901001A1C41 /* CharacterViewController.swift */ = {isa = PBXFileReference; lastKnownFileType = sourcecode.swift; path = CharacterViewController.swift; sourceTree = "<group>"; };
		855BDF35251A39E6001A1C41 /* CharacterModel.swift */ = {isa = PBXFileReference; lastKnownFileType = sourcecode.swift; path = CharacterModel.swift; sourceTree = "<group>"; };
		855BDF38251A3C83001A1C41 /* NetworkManager.swift */ = {isa = PBXFileReference; lastKnownFileType = sourcecode.swift; path = NetworkManager.swift; sourceTree = "<group>"; };
		916C57EA9D5ED27DC1713134 /* Pods_Simpsons.framework */ = {isa = PBXFileReference; explicitFileType = wrapper.framework; includeInIndex = 0; path = Pods_Simpsons.framework; sourceTree = BUILT_PRODUCTS_DIR; };
		A7A1AD21F96692C05CBC0C86 /* Pods-Simpsons.release.xcconfig */ = {isa = PBXFileReference; includeInIndex = 1; lastKnownFileType = text.xcconfig; name = "Pods-Simpsons.release.xcconfig"; path = "Target Support Files/Pods-Simpsons/Pods-Simpsons.release.xcconfig"; sourceTree = "<group>"; };
/* End PBXFileReference section */

/* Begin PBXFrameworksBuildPhase section */
		855BDF16251A2F0C001A1C41 /* Frameworks */ = {
			isa = PBXFrameworksBuildPhase;
			buildActionMask = 2147483647;
			files = (
				CE7FB8E93CB23FE8B500482B /* Pods_Simpsons.framework in Frameworks */,
			);
			runOnlyForDeploymentPostprocessing = 0;
		};
/* End PBXFrameworksBuildPhase section */

/* Begin PBXGroup section */
		41322E079CA1F45C23E38898 /* Frameworks */ = {
			isa = PBXGroup;
			children = (
				916C57EA9D5ED27DC1713134 /* Pods_Simpsons.framework */,
			);
			name = Frameworks;
			sourceTree = "<group>";
		};
		55EED32C4D2B5A7B3EB5D663 /* Pods */ = {
			isa = PBXGroup;
			children = (
				16D3B528D0E3C8234F0511FA /* Pods-Simpsons.debug.xcconfig */,
				A7A1AD21F96692C05CBC0C86 /* Pods-Simpsons.release.xcconfig */,
			);
			name = Pods;
			path = Pods;
			sourceTree = "<group>";
		};
		855BDF10251A2F0C001A1C41 = {
			isa = PBXGroup;
			children = (
				855BDF1B251A2F0C001A1C41 /* Simpsons */,
				855BDF1A251A2F0C001A1C41 /* Products */,
				55EED32C4D2B5A7B3EB5D663 /* Pods */,
				41322E079CA1F45C23E38898 /* Frameworks */,
			);
			sourceTree = "<group>";
		};
		855BDF1A251A2F0C001A1C41 /* Products */ = {
			isa = PBXGroup;
			children = (
				855BDF19251A2F0C001A1C41 /* Simpsons.app */,
			);
			name = Products;
			sourceTree = "<group>";
		};
		855BDF1B251A2F0C001A1C41 /* Simpsons */ = {
			isa = PBXGroup;
			children = (
				855BDF1C251A2F0C001A1C41 /* AppDelegate.swift */,
				855BDF1E251A2F0C001A1C41 /* SceneDelegate.swift */,
				855BDF20251A2F0C001A1C41 /* StartViewController.swift */,
				855BDF22251A2F0C001A1C41 /* Main.storyboard */,
				855BDF32251A3901001A1C41 /* CharacterViewController.swift */,
				855BDF25251A2F0D001A1C41 /* Assets.xcassets */,
				855BDF27251A2F0D001A1C41 /* LaunchScreen.storyboard */,
				855BDF2A251A2F0D001A1C41 /* Info.plist */,
				855BDF35251A39E6001A1C41 /* CharacterModel.swift */,
				855BDF38251A3C83001A1C41 /* NetworkManager.swift */,
			);
			path = Simpsons;
			sourceTree = "<group>";
		};
/* End PBXGroup section */

/* Begin PBXNativeTarget section */
		855BDF18251A2F0C001A1C41 /* Simpsons */ = {
			isa = PBXNativeTarget;
			buildConfigurationList = 855BDF2D251A2F0D001A1C41 /* Build configuration list for PBXNativeTarget "Simpsons" */;
			buildPhases = (
				60B73DC7D050DB300E799015 /* [CP] Check Pods Manifest.lock */,
				855BDF15251A2F0C001A1C41 /* Sources */,
				855BDF16251A2F0C001A1C41 /* Frameworks */,
				855BDF17251A2F0C001A1C41 /* Resources */,
				FE2D0409D2DFD28BA1C320B4 /* [CP] Embed Pods Frameworks */,
			);
			buildRules = (
			);
			dependencies = (
			);
			name = Simpsons;
			productName = Simpsons;
			productReference = 855BDF19251A2F0C001A1C41 /* Simpsons.app */;
			productType = "com.apple.product-type.application";
		};
/* End PBXNativeTarget section */

/* Begin PBXProject section */
		855BDF11251A2F0C001A1C41 /* Project object */ = {
			isa = PBXProject;
			attributes = {
				LastSwiftUpdateCheck = 1200;
				LastUpgradeCheck = 1200;
				TargetAttributes = {
					855BDF18251A2F0C001A1C41 = {
						CreatedOnToolsVersion = 12.0;
					};
				};
			};
			buildConfigurationList = 855BDF14251A2F0C001A1C41 /* Build configuration list for PBXProject "Simpsons" */;
			compatibilityVersion = "Xcode 9.3";
			developmentRegion = en;
			hasScannedForEncodings = 0;
			knownRegions = (
				en,
				Base,
			);
			mainGroup = 855BDF10251A2F0C001A1C41;
			productRefGroup = 855BDF1A251A2F0C001A1C41 /* Products */;
			projectDirPath = "";
			projectRoot = "";
			targets = (
				855BDF18251A2F0C001A1C41 /* Simpsons */,
			);
		};
/* End PBXProject section */

/* Begin PBXResourcesBuildPhase section */
		855BDF17251A2F0C001A1C41 /* Resources */ = {
			isa = PBXResourcesBuildPhase;
			buildActionMask = 2147483647;
			files = (
				855BDF29251A2F0D001A1C41 /* LaunchScreen.storyboard in Resources */,
				855BDF26251A2F0D001A1C41 /* Assets.xcassets in Resources */,
				855BDF24251A2F0C001A1C41 /* Main.storyboard in Resources */,
			);
			runOnlyForDeploymentPostprocessing = 0;
		};
/* End PBXResourcesBuildPhase section */

/* Begin PBXShellScriptBuildPhase section */
		60B73DC7D050DB300E799015 /* [CP] Check Pods Manifest.lock */ = {
			isa = PBXShellScriptBuildPhase;
			buildActionMask = 2147483647;
			files = (
			);
			inputFileListPaths = (
			);
			inputPaths = (
				"${PODS_PODFILE_DIR_PATH}/Podfile.lock",
				"${PODS_ROOT}/Manifest.lock",
			);
			name = "[CP] Check Pods Manifest.lock";
			outputFileListPaths = (
			);
			outputPaths = (
				"$(DERIVED_FILE_DIR)/Pods-Simpsons-checkManifestLockResult.txt",
			);
			runOnlyForDeploymentPostprocessing = 0;
			shellPath = /bin/sh;
			shellScript = "diff \"${PODS_PODFILE_DIR_PATH}/Podfile.lock\" \"${PODS_ROOT}/Manifest.lock\" > /dev/null\nif [ $? != 0 ] ; then\n    # print error to STDERR\n    echo \"error: The sandbox is not in sync with the Podfile.lock. Run 'pod install' or update your CocoaPods installation.\" >&2\n    exit 1\nfi\n# This output is used by Xcode 'outputs' to avoid re-running this script phase.\necho \"SUCCESS\" > \"${SCRIPT_OUTPUT_FILE_0}\"\n";
			showEnvVarsInLog = 0;
		};
		FE2D0409D2DFD28BA1C320B4 /* [CP] Embed Pods Frameworks */ = {
			isa = PBXShellScriptBuildPhase;
			buildActionMask = 2147483647;
			files = (
			);
			inputFileListPaths = (
				"${PODS_ROOT}/Target Support Files/Pods-Simpsons/Pods-Simpsons-frameworks-${CONFIGURATION}-input-files.xcfilelist",
			);
			name = "[CP] Embed Pods Frameworks";
			outputFileListPaths = (
				"${PODS_ROOT}/Target Support Files/Pods-Simpsons/Pods-Simpsons-frameworks-${CONFIGURATION}-output-files.xcfilelist",
			);
			runOnlyForDeploymentPostprocessing = 0;
			shellPath = /bin/sh;
			shellScript = "\"${PODS_ROOT}/Target Support Files/Pods-Simpsons/Pods-Simpsons-frameworks.sh\"\n";
			showEnvVarsInLog = 0;
		};
/* End PBXShellScriptBuildPhase section */

/* Begin PBXSourcesBuildPhase section */
		855BDF15251A2F0C001A1C41 /* Sources */ = {
			isa = PBXSourcesBuildPhase;
			buildActionMask = 2147483647;
			files = (
				855BDF39251A3C83001A1C41 /* NetworkManager.swift in Sources */,
				855BDF33251A3901001A1C41 /* CharacterViewController.swift in Sources */,
				855BDF36251A39E6001A1C41 /* CharacterModel.swift in Sources */,
				855BDF21251A2F0C001A1C41 /* StartViewController.swift in Sources */,
				855BDF1D251A2F0C001A1C41 /* AppDelegate.swift in Sources */,
				855BDF1F251A2F0C001A1C41 /* SceneDelegate.swift in Sources */,
			);
			runOnlyForDeploymentPostprocessing = 0;
		};
/* End PBXSourcesBuildPhase section */

/* Begin PBXVariantGroup section */
		855BDF22251A2F0C001A1C41 /* Main.storyboard */ = {
			isa = PBXVariantGroup;
			children = (
				855BDF23251A2F0C001A1C41 /* Base */,
			);
			name = Main.storyboard;
			sourceTree = "<group>";
		};
		855BDF27251A2F0D001A1C41 /* LaunchScreen.storyboard */ = {
			isa = PBXVariantGroup;
			children = (
				855BDF28251A2F0D001A1C41 /* Base */,
			);
			name = LaunchScreen.storyboard;
			sourceTree = "<group>";
		};
/* End PBXVariantGroup section */

/* Begin XCBuildConfiguration section */
		855BDF2B251A2F0D001A1C41 /* Debug */ = {
			isa = XCBuildConfiguration;
			buildSettings = {
				ALWAYS_SEARCH_USER_PATHS = NO;
				CLANG_ANALYZER_NONNULL = YES;
				CLANG_ANALYZER_NUMBER_OBJECT_CONVERSION = YES_AGGRESSIVE;
				CLANG_CXX_LANGUAGE_STANDARD = "gnu++14";
				CLANG_CXX_LIBRARY = "libc++";
				CLANG_ENABLE_MODULES = YES;
				CLANG_ENABLE_OBJC_ARC = YES;
				CLANG_ENABLE_OBJC_WEAK = YES;
				CLANG_WARN_BLOCK_CAPTURE_AUTORELEASING = YES;
				CLANG_WARN_BOOL_CONVERSION = YES;
				CLANG_WARN_COMMA = YES;
				CLANG_WARN_CONSTANT_CONVERSION = YES;
				CLANG_WARN_DEPRECATED_OBJC_IMPLEMENTATIONS = YES;
				CLANG_WARN_DIRECT_OBJC_ISA_USAGE = YES_ERROR;
				CLANG_WARN_DOCUMENTATION_COMMENTS = YES;
				CLANG_WARN_EMPTY_BODY = YES;
				CLANG_WARN_ENUM_CONVERSION = YES;
				CLANG_WARN_INFINITE_RECURSION = YES;
				CLANG_WARN_INT_CONVERSION = YES;
				CLANG_WARN_NON_LITERAL_NULL_CONVERSION = YES;
				CLANG_WARN_OBJC_IMPLICIT_RETAIN_SELF = YES;
				CLANG_WARN_OBJC_LITERAL_CONVERSION = YES;
				CLANG_WARN_OBJC_ROOT_CLASS = YES_ERROR;
				CLANG_WARN_QUOTED_INCLUDE_IN_FRAMEWORK_HEADER = YES;
				CLANG_WARN_RANGE_LOOP_ANALYSIS = YES;
				CLANG_WARN_STRICT_PROTOTYPES = YES;
				CLANG_WARN_SUSPICIOUS_MOVE = YES;
				CLANG_WARN_UNGUARDED_AVAILABILITY = YES_AGGRESSIVE;
				CLANG_WARN_UNREACHABLE_CODE = YES;
				CLANG_WARN__DUPLICATE_METHOD_MATCH = YES;
				COPY_PHASE_STRIP = NO;
				DEBUG_INFORMATION_FORMAT = dwarf;
				ENABLE_STRICT_OBJC_MSGSEND = YES;
				ENABLE_TESTABILITY = YES;
				GCC_C_LANGUAGE_STANDARD = gnu11;
				GCC_DYNAMIC_NO_PIC = NO;
				GCC_NO_COMMON_BLOCKS = YES;
				GCC_OPTIMIZATION_LEVEL = 0;
				GCC_PREPROCESSOR_DEFINITIONS = (
					"DEBUG=1",
					"$(inherited)",
				);
				GCC_WARN_64_TO_32_BIT_CONVERSION = YES;
				GCC_WARN_ABOUT_RETURN_TYPE = YES_ERROR;
				GCC_WARN_UNDECLARED_SELECTOR = YES;
				GCC_WARN_UNINITIALIZED_AUTOS = YES_AGGRESSIVE;
				GCC_WARN_UNUSED_FUNCTION = YES;
				GCC_WARN_UNUSED_VARIABLE = YES;
				IPHONEOS_DEPLOYMENT_TARGET = 14.0;
				MTL_ENABLE_DEBUG_INFO = INCLUDE_SOURCE;
				MTL_FAST_MATH = YES;
				ONLY_ACTIVE_ARCH = YES;
				SDKROOT = iphoneos;
				SWIFT_ACTIVE_COMPILATION_CONDITIONS = DEBUG;
				SWIFT_OPTIMIZATION_LEVEL = "-Onone";
			};
			name = Debug;
		};
		855BDF2C251A2F0D001A1C41 /* Release */ = {
			isa = XCBuildConfiguration;
			buildSettings = {
				ALWAYS_SEARCH_USER_PATHS = NO;
				CLANG_ANALYZER_NONNULL = YES;
				CLANG_ANALYZER_NUMBER_OBJECT_CONVERSION = YES_AGGRESSIVE;
				CLANG_CXX_LANGUAGE_STANDARD = "gnu++14";
				CLANG_CXX_LIBRARY = "libc++";
				CLANG_ENABLE_MODULES = YES;
				CLANG_ENABLE_OBJC_ARC = YES;
				CLANG_ENABLE_OBJC_WEAK = YES;
				CLANG_WARN_BLOCK_CAPTURE_AUTORELEASING = YES;
				CLANG_WARN_BOOL_CONVERSION = YES;
				CLANG_WARN_COMMA = YES;
				CLANG_WARN_CONSTANT_CONVERSION = YES;
				CLANG_WARN_DEPRECATED_OBJC_IMPLEMENTATIONS = YES;
				CLANG_WARN_DIRECT_OBJC_ISA_USAGE = YES_ERROR;
				CLANG_WARN_DOCUMENTATION_COMMENTS = YES;
				CLANG_WARN_EMPTY_BODY = YES;
				CLANG_WARN_ENUM_CONVERSION = YES;
				CLANG_WARN_INFINITE_RECURSION = YES;
				CLANG_WARN_INT_CONVERSION = YES;
				CLANG_WARN_NON_LITERAL_NULL_CONVERSION = YES;
				CLANG_WARN_OBJC_IMPLICIT_RETAIN_SELF = YES;
				CLANG_WARN_OBJC_LITERAL_CONVERSION = YES;
				CLANG_WARN_OBJC_ROOT_CLASS = YES_ERROR;
				CLANG_WARN_QUOTED_INCLUDE_IN_FRAMEWORK_HEADER = YES;
				CLANG_WARN_RANGE_LOOP_ANALYSIS = YES;
				CLANG_WARN_STRICT_PROTOTYPES = YES;
				CLANG_WARN_SUSPICIOUS_MOVE = YES;
				CLANG_WARN_UNGUARDED_AVAILABILITY = YES_AGGRESSIVE;
				CLANG_WARN_UNREACHABLE_CODE = YES;
				CLANG_WARN__DUPLICATE_METHOD_MATCH = YES;
				COPY_PHASE_STRIP = NO;
				DEBUG_INFORMATION_FORMAT = "dwarf-with-dsym";
				ENABLE_NS_ASSERTIONS = NO;
				ENABLE_STRICT_OBJC_MSGSEND = YES;
				GCC_C_LANGUAGE_STANDARD = gnu11;
				GCC_NO_COMMON_BLOCKS = YES;
				GCC_WARN_64_TO_32_BIT_CONVERSION = YES;
				GCC_WARN_ABOUT_RETURN_TYPE = YES_ERROR;
				GCC_WARN_UNDECLARED_SELECTOR = YES;
				GCC_WARN_UNINITIALIZED_AUTOS = YES_AGGRESSIVE;
				GCC_WARN_UNUSED_FUNCTION = YES;
				GCC_WARN_UNUSED_VARIABLE = YES;
				IPHONEOS_DEPLOYMENT_TARGET = 14.0;
				MTL_ENABLE_DEBUG_INFO = NO;
				MTL_FAST_MATH = YES;
				SDKROOT = iphoneos;
				SWIFT_COMPILATION_MODE = wholemodule;
				SWIFT_OPTIMIZATION_LEVEL = "-O";
				VALIDATE_PRODUCT = YES;
			};
			name = Release;
		};
		855BDF2E251A2F0D001A1C41 /* Debug */ = {
			isa = XCBuildConfiguration;
			baseConfigurationReference = 16D3B528D0E3C8234F0511FA /* Pods-Simpsons.debug.xcconfig */;
			buildSettings = {
				ASSETCATALOG_COMPILER_APPICON_NAME = AppIcon;
				ASSETCATALOG_COMPILER_GLOBAL_ACCENT_COLOR_NAME = AccentColor;
				CODE_SIGN_STYLE = Automatic;
				DEVELOPMENT_TEAM = 7F5MV2U5PR;
				INFOPLIST_FILE = Simpsons/Info.plist;
				LD_RUNPATH_SEARCH_PATHS = (
					"$(inherited)",
					"@executable_path/Frameworks",
				);
				PRODUCT_BUNDLE_IDENTIFIER = ru.mycompany.Simpsons;
				PRODUCT_NAME = "$(TARGET_NAME)";
				SWIFT_VERSION = 5.0;
				TARGETED_DEVICE_FAMILY = "1,2";
			};
			name = Debug;
		};
		855BDF2F251A2F0D001A1C41 /* Release */ = {
			isa = XCBuildConfiguration;
			baseConfigurationReference = A7A1AD21F96692C05CBC0C86 /* Pods-Simpsons.release.xcconfig */;
			buildSettings = {
				ASSETCATALOG_COMPILER_APPICON_NAME = AppIcon;
				ASSETCATALOG_COMPILER_GLOBAL_ACCENT_COLOR_NAME = AccentColor;
				CODE_SIGN_STYLE = Automatic;
				DEVELOPMENT_TEAM = 7F5MV2U5PR;
				INFOPLIST_FILE = Simpsons/Info.plist;
				LD_RUNPATH_SEARCH_PATHS = (
					"$(inherited)",
					"@executable_path/Frameworks",
				);
				PRODUCT_BUNDLE_IDENTIFIER = ru.mycompany.Simpsons;
				PRODUCT_NAME = "$(TARGET_NAME)";
				SWIFT_VERSION = 5.0;
				TARGETED_DEVICE_FAMILY = "1,2";
			};
			name = Release;
		};
/* End XCBuildConfiguration section */

/* Begin XCConfigurationList section */
		855BDF14251A2F0C001A1C41 /* Build configuration list for PBXProject "Simpsons" */ = {
			isa = XCConfigurationList;
			buildConfigurations = (
				855BDF2B251A2F0D001A1C41 /* Debug */,
				855BDF2C251A2F0D001A1C41 /* Release */,
			);
			defaultConfigurationIsVisible = 0;
			defaultConfigurationName = Release;
		};
		855BDF2D251A2F0D001A1C41 /* Build configuration list for PBXNativeTarget "Simpsons" */ = {
			isa = XCConfigurationList;
			buildConfigurations = (
				855BDF2E251A2F0D001A1C41 /* Debug */,
				855BDF2F251A2F0D001A1C41 /* Release */,
			);
			defaultConfigurationIsVisible = 0;
			defaultConfigurationName = Release;
		};
/* End XCConfigurationList section */
	};
	rootObject = 855BDF11251A2F0C001A1C41 /* Project object */;
}
